// !$*UTF8*$!
{
	archiveVersion = 1;
	classes = {
	};
	objectVersion = 56;
	objects = {

/* Begin PBXBuildFile section */
		8680730A29A0375300D8B94D /* ScrumdingerApp.swift in Sources */ = {isa = PBXBuildFile; fileRef = 8680730929A0375300D8B94D /* ScrumdingerApp.swift */; };
		8680730C29A0375300D8B94D /* MeetingView.swift in Sources */ = {isa = PBXBuildFile; fileRef = 8680730B29A0375300D8B94D /* MeetingView.swift */; };
		8680730E29A0375500D8B94D /* Assets.xcassets in Resources */ = {isa = PBXBuildFile; fileRef = 8680730D29A0375500D8B94D /* Assets.xcassets */; };
		8680731129A0375500D8B94D /* Preview Assets.xcassets in Resources */ = {isa = PBXBuildFile; fileRef = 8680731029A0375500D8B94D /* Preview Assets.xcassets */; };
		8680731929A0758F00D8B94D /* Theme.swift in Sources */ = {isa = PBXBuildFile; fileRef = 8680731829A0758F00D8B94D /* Theme.swift */; };
		8680731B29A0793400D8B94D /* DailyScrum.swift in Sources */ = {isa = PBXBuildFile; fileRef = 8680731A29A0793400D8B94D /* DailyScrum.swift */; };
		8680731D29A07AA500D8B94D /* CardView.swift in Sources */ = {isa = PBXBuildFile; fileRef = 8680731C29A07AA500D8B94D /* CardView.swift */; };
		8680731F29A082A900D8B94D /* TrailingIconLabelStyle.swift in Sources */ = {isa = PBXBuildFile; fileRef = 8680731E29A082A900D8B94D /* TrailingIconLabelStyle.swift */; };
		8680732329A0898B00D8B94D /* ScrumsView.swift in Sources */ = {isa = PBXBuildFile; fileRef = 8680732229A0898B00D8B94D /* ScrumsView.swift */; };
		8680732629A09E5D00D8B94D /* DetailView.swift in Sources */ = {isa = PBXBuildFile; fileRef = 8680732529A09E5D00D8B94D /* DetailView.swift */; };
		8680732829A209F600D8B94D /* DetailEditView.swift in Sources */ = {isa = PBXBuildFile; fileRef = 8680732729A209F600D8B94D /* DetailEditView.swift */; };
		8680732A29A21B0A00D8B94D /* ThemeView.swift in Sources */ = {isa = PBXBuildFile; fileRef = 8680732929A21B0A00D8B94D /* ThemeView.swift */; };
		8680732C29A21ED800D8B94D /* ThemePicker.swift in Sources */ = {isa = PBXBuildFile; fileRef = 8680732B29A21ED800D8B94D /* ThemePicker.swift */; };
		8680732E29A2FA6200D8B94D /* MeetingHeaderView.swift in Sources */ = {isa = PBXBuildFile; fileRef = 8680732D29A2FA6200D8B94D /* MeetingHeaderView.swift */; };
		8680733029A30AD300D8B94D /* ScrumProgressViewStyle.swift in Sources */ = {isa = PBXBuildFile; fileRef = 8680732F29A30AD300D8B94D /* ScrumProgressViewStyle.swift */; };
		8680733229A3115800D8B94D /* ScrumTimer.swift in Sources */ = {isa = PBXBuildFile; fileRef = 8680733129A3115800D8B94D /* ScrumTimer.swift */; };
		8680733429A35C7000D8B94D /* MeetingFooterView.swift in Sources */ = {isa = PBXBuildFile; fileRef = 8680733329A35C7000D8B94D /* MeetingFooterView.swift */; };
		8680733629A3829600D8B94D /* ding.wav in Resources */ = {isa = PBXBuildFile; fileRef = 8680733529A3829600D8B94D /* ding.wav */; };
		8680733929A383D300D8B94D /* AVPlayer+Ding.swift in Sources */ = {isa = PBXBuildFile; fileRef = 8680733829A383D200D8B94D /* AVPlayer+Ding.swift */; };
/* End PBXBuildFile section */

/* Begin PBXFileReference section */
		8680730629A0375300D8B94D /* Scrumdinger.app */ = {isa = PBXFileReference; explicitFileType = wrapper.application; includeInIndex = 0; path = Scrumdinger.app; sourceTree = BUILT_PRODUCTS_DIR; };
		8680730929A0375300D8B94D /* ScrumdingerApp.swift */ = {isa = PBXFileReference; lastKnownFileType = sourcecode.swift; path = ScrumdingerApp.swift; sourceTree = "<group>"; };
		8680730B29A0375300D8B94D /* MeetingView.swift */ = {isa = PBXFileReference; lastKnownFileType = sourcecode.swift; path = MeetingView.swift; sourceTree = "<group>"; };
		8680730D29A0375500D8B94D /* Assets.xcassets */ = {isa = PBXFileReference; lastKnownFileType = folder.assetcatalog; path = Assets.xcassets; sourceTree = "<group>"; };
		8680731029A0375500D8B94D /* Preview Assets.xcassets */ = {isa = PBXFileReference; lastKnownFileType = folder.assetcatalog; path = "Preview Assets.xcassets"; sourceTree = "<group>"; };
		8680731829A0758F00D8B94D /* Theme.swift */ = {isa = PBXFileReference; lastKnownFileType = sourcecode.swift; path = Theme.swift; sourceTree = "<group>"; };
		8680731A29A0793400D8B94D /* DailyScrum.swift */ = {isa = PBXFileReference; lastKnownFileType = sourcecode.swift; path = DailyScrum.swift; sourceTree = "<group>"; };
		8680731C29A07AA500D8B94D /* CardView.swift */ = {isa = PBXFileReference; lastKnownFileType = sourcecode.swift; path = CardView.swift; sourceTree = "<group>"; };
		8680731E29A082A900D8B94D /* TrailingIconLabelStyle.swift */ = {isa = PBXFileReference; lastKnownFileType = sourcecode.swift; path = TrailingIconLabelStyle.swift; sourceTree = "<group>"; };
		8680732229A0898B00D8B94D /* ScrumsView.swift */ = {isa = PBXFileReference; lastKnownFileType = sourcecode.swift; path = ScrumsView.swift; sourceTree = "<group>"; };
		8680732429A0906D00D8B94D /* Info.plist */ = {isa = PBXFileReference; lastKnownFileType = text.plist; path = Info.plist; sourceTree = "<group>"; };
		8680732529A09E5D00D8B94D /* DetailView.swift */ = {isa = PBXFileReference; lastKnownFileType = sourcecode.swift; path = DetailView.swift; sourceTree = "<group>"; };
		8680732729A209F600D8B94D /* DetailEditView.swift */ = {isa = PBXFileReference; lastKnownFileType = sourcecode.swift; path = DetailEditView.swift; sourceTree = "<group>"; };
		8680732929A21B0A00D8B94D /* ThemeView.swift */ = {isa = PBXFileReference; lastKnownFileType = sourcecode.swift; path = ThemeView.swift; sourceTree = "<group>"; };
		8680732B29A21ED800D8B94D /* ThemePicker.swift */ = {isa = PBXFileReference; lastKnownFileType = sourcecode.swift; path = ThemePicker.swift; sourceTree = "<group>"; };
		8680732D29A2FA6200D8B94D /* MeetingHeaderView.swift */ = {isa = PBXFileReference; lastKnownFileType = sourcecode.swift; path = MeetingHeaderView.swift; sourceTree = "<group>"; };
		8680732F29A30AD300D8B94D /* ScrumProgressViewStyle.swift */ = {isa = PBXFileReference; fileEncoding = 4; lastKnownFileType = sourcecode.swift; path = ScrumProgressViewStyle.swift; sourceTree = "<group>"; };
		8680733129A3115800D8B94D /* ScrumTimer.swift */ = {isa = PBXFileReference; fileEncoding = 4; lastKnownFileType = sourcecode.swift; path = ScrumTimer.swift; sourceTree = "<group>"; };
		8680733329A35C7000D8B94D /* MeetingFooterView.swift */ = {isa = PBXFileReference; lastKnownFileType = sourcecode.swift; path = MeetingFooterView.swift; sourceTree = "<group>"; };
		8680733529A3829600D8B94D /* ding.wav */ = {isa = PBXFileReference; lastKnownFileType = audio.wav; path = ding.wav; sourceTree = "<group>"; };
		8680733829A383D200D8B94D /* AVPlayer+Ding.swift */ = {isa = PBXFileReference; fileEncoding = 4; lastKnownFileType = sourcecode.swift; path = "AVPlayer+Ding.swift"; sourceTree = "<group>"; };
/* End PBXFileReference section */

/* Begin PBXFrameworksBuildPhase section */
		8680730329A0375300D8B94D /* Frameworks */ = {
			isa = PBXFrameworksBuildPhase;
			buildActionMask = 2147483647;
			files = (
			);
			runOnlyForDeploymentPostprocessing = 0;
		};
/* End PBXFrameworksBuildPhase section */

/* Begin PBXGroup section */
		868072FD29A0375300D8B94D = {
			isa = PBXGroup;
			children = (
				8680730829A0375300D8B94D /* Scrumdinger */,
				8680730729A0375300D8B94D /* Products */,
			);
			sourceTree = "<group>";
		};
		8680730729A0375300D8B94D /* Products */ = {
			isa = PBXGroup;
			children = (
				8680730629A0375300D8B94D /* Scrumdinger.app */,
			);
			name = Products;
			sourceTree = "<group>";
		};
		8680730829A0375300D8B94D /* Scrumdinger */ = {
			isa = PBXGroup;
			children = (
				8680732429A0906D00D8B94D /* Info.plist */,
				8680730929A0375300D8B94D /* ScrumdingerApp.swift */,
				8680732129A0837100D8B94D /* Views */,
				8680732029A0832800D8B94D /* Components */,
				8680731729A0756A00D8B94D /* Models */,
				8680733729A382EE00D8B94D /* Resources */,
				8680730D29A0375500D8B94D /* Assets.xcassets */,
				8680730F29A0375500D8B94D /* Preview Content */,
			);
			path = Scrumdinger;
			sourceTree = "<group>";
		};
		8680730F29A0375500D8B94D /* Preview Content */ = {
			isa = PBXGroup;
			children = (
				8680731029A0375500D8B94D /* Preview Assets.xcassets */,
			);
			path = "Preview Content";
			sourceTree = "<group>";
		};
		8680731729A0756A00D8B94D /* Models */ = {
			isa = PBXGroup;
			children = (
				8680733829A383D200D8B94D /* AVPlayer+Ding.swift */,
				8680731829A0758F00D8B94D /* Theme.swift */,
				8680731A29A0793400D8B94D /* DailyScrum.swift */,
				8680733129A3115800D8B94D /* ScrumTimer.swift */,
			);
			path = Models;
			sourceTree = "<group>";
		};
		8680732029A0832800D8B94D /* Components */ = {
			isa = PBXGroup;
			children = (
				8680731C29A07AA500D8B94D /* CardView.swift */,
				8680732929A21B0A00D8B94D /* ThemeView.swift */,
				8680732B29A21ED800D8B94D /* ThemePicker.swift */,
				8680731E29A082A900D8B94D /* TrailingIconLabelStyle.swift */,
				8680732F29A30AD300D8B94D /* ScrumProgressViewStyle.swift */,
				8680732D29A2FA6200D8B94D /* MeetingHeaderView.swift */,
				8680733329A35C7000D8B94D /* MeetingFooterView.swift */,
			);
			path = Components;
			sourceTree = "<group>";
		};
		8680732129A0837100D8B94D /* Views */ = {
			isa = PBXGroup;
			children = (
				8680732229A0898B00D8B94D /* ScrumsView.swift */,
				8680732529A09E5D00D8B94D /* DetailView.swift */,
				8680732729A209F600D8B94D /* DetailEditView.swift */,
				8680730B29A0375300D8B94D /* MeetingView.swift */,
			);
			path = Views;
			sourceTree = "<group>";
		};
		8680733729A382EE00D8B94D /* Resources */ = {
			isa = PBXGroup;
			children = (
				8680733529A3829600D8B94D /* ding.wav */,
			);
			path = Resources;
			sourceTree = "<group>";
		};
/* End PBXGroup section */

/* Begin PBXNativeTarget section */
		8680730529A0375300D8B94D /* Scrumdinger */ = {
			isa = PBXNativeTarget;
			buildConfigurationList = 8680731429A0375500D8B94D /* Build configuration list for PBXNativeTarget "Scrumdinger" */;
			buildPhases = (
				8680730229A0375300D8B94D /* Sources */,
				8680730329A0375300D8B94D /* Frameworks */,
				8680730429A0375300D8B94D /* Resources */,
			);
			buildRules = (
			);
			dependencies = (
			);
			name = Scrumdinger;
			productName = Scrumdinger;
			productReference = 8680730629A0375300D8B94D /* Scrumdinger.app */;
			productType = "com.apple.product-type.application";
		};
/* End PBXNativeTarget section */

/* Begin PBXProject section */
		868072FE29A0375300D8B94D /* Project object */ = {
			isa = PBXProject;
			attributes = {
				BuildIndependentTargetsInParallel = 1;
				LastSwiftUpdateCheck = 1420;
				LastUpgradeCheck = 1420;
				TargetAttributes = {
					8680730529A0375300D8B94D = {
						CreatedOnToolsVersion = 14.2;
					};
				};
			};
			buildConfigurationList = 8680730129A0375300D8B94D /* Build configuration list for PBXProject "Scrumdinger" */;
			compatibilityVersion = "Xcode 14.0";
			developmentRegion = en;
			hasScannedForEncodings = 0;
			knownRegions = (
				en,
				Base,
			);
			mainGroup = 868072FD29A0375300D8B94D;
			productRefGroup = 8680730729A0375300D8B94D /* Products */;
			projectDirPath = "";
			projectRoot = "";
			targets = (
				8680730529A0375300D8B94D /* Scrumdinger */,
			);
		};
/* End PBXProject section */

/* Begin PBXResourcesBuildPhase section */
		8680730429A0375300D8B94D /* Resources */ = {
			isa = PBXResourcesBuildPhase;
			buildActionMask = 2147483647;
			files = (
				8680733629A3829600D8B94D /* ding.wav in Resources */,
				8680731129A0375500D8B94D /* Preview Assets.xcassets in Resources */,
				8680730E29A0375500D8B94D /* Assets.xcassets in Resources */,
			);
			runOnlyForDeploymentPostprocessing = 0;
		};
/* End PBXResourcesBuildPhase section */

/* Begin PBXSourcesBuildPhase section */
		8680730229A0375300D8B94D /* Sources */ = {
			isa = PBXSourcesBuildPhase;
			buildActionMask = 2147483647;
			files = (
				8680732C29A21ED800D8B94D /* ThemePicker.swift in Sources */,
				8680733029A30AD300D8B94D /* ScrumProgressViewStyle.swift in Sources */,
				8680733429A35C7000D8B94D /* MeetingFooterView.swift in Sources */,
				8680733229A3115800D8B94D /* ScrumTimer.swift in Sources */,
				8680731B29A0793400D8B94D /* DailyScrum.swift in Sources */,
				8680732629A09E5D00D8B94D /* DetailView.swift in Sources */,
				8680732E29A2FA6200D8B94D /* MeetingHeaderView.swift in Sources */,
				8680732829A209F600D8B94D /* DetailEditView.swift in Sources */,
				8680731F29A082A900D8B94D /* TrailingIconLabelStyle.swift in Sources */,
				8680731929A0758F00D8B94D /* Theme.swift in Sources */,
				8680732329A0898B00D8B94D /* ScrumsView.swift in Sources */,
				8680730C29A0375300D8B94D /* MeetingView.swift in Sources */,
				8680730A29A0375300D8B94D /* ScrumdingerApp.swift in Sources */,
				8680732A29A21B0A00D8B94D /* ThemeView.swift in Sources */,
				8680731D29A07AA500D8B94D /* CardView.swift in Sources */,
				8680733929A383D300D8B94D /* AVPlayer+Ding.swift in Sources */,
			);
			runOnlyForDeploymentPostprocessing = 0;
		};
/* End PBXSourcesBuildPhase section */

/* Begin XCBuildConfiguration section */
		8680731229A0375500D8B94D /* Debug */ = {
			isa = XCBuildConfiguration;
			buildSettings = {
				ALWAYS_SEARCH_USER_PATHS = NO;
				CLANG_ANALYZER_NONNULL = YES;
				CLANG_ANALYZER_NUMBER_OBJECT_CONVERSION = YES_AGGRESSIVE;
				CLANG_CXX_LANGUAGE_STANDARD = "gnu++20";
				CLANG_ENABLE_MODULES = YES;
				CLANG_ENABLE_OBJC_ARC = YES;
				CLANG_ENABLE_OBJC_WEAK = YES;
				CLANG_WARN_BLOCK_CAPTURE_AUTORELEASING = YES;
				CLANG_WARN_BOOL_CONVERSION = YES;
				CLANG_WARN_COMMA = YES;
				CLANG_WARN_CONSTANT_CONVERSION = YES;
				CLANG_WARN_DEPRECATED_OBJC_IMPLEMENTATIONS = YES;
				CLANG_WARN_DIRECT_OBJC_ISA_USAGE = YES_ERROR;
				CLANG_WARN_DOCUMENTATION_COMMENTS = YES;
				CLANG_WARN_EMPTY_BODY = YES;
				CLANG_WARN_ENUM_CONVERSION = YES;
				CLANG_WARN_INFINITE_RECURSION = YES;
				CLANG_WARN_INT_CONVERSION = YES;
				CLANG_WARN_NON_LITERAL_NULL_CONVERSION = YES;
				CLANG_WARN_OBJC_IMPLICIT_RETAIN_SELF = YES;
				CLANG_WARN_OBJC_LITERAL_CONVERSION = YES;
				CLANG_WARN_OBJC_ROOT_CLASS = YES_ERROR;
				CLANG_WARN_QUOTED_INCLUDE_IN_FRAMEWORK_HEADER = YES;
				CLANG_WARN_RANGE_LOOP_ANALYSIS = YES;
				CLANG_WARN_STRICT_PROTOTYPES = YES;
				CLANG_WARN_SUSPICIOUS_MOVE = YES;
				CLANG_WARN_UNGUARDED_AVAILABILITY = YES_AGGRESSIVE;
				CLANG_WARN_UNREACHABLE_CODE = YES;
				CLANG_WARN__DUPLICATE_METHOD_MATCH = YES;
				COPY_PHASE_STRIP = NO;
				DEBUG_INFORMATION_FORMAT = dwarf;
				ENABLE_STRICT_OBJC_MSGSEND = YES;
				ENABLE_TESTABILITY = YES;
				GCC_C_LANGUAGE_STANDARD = gnu11;
				GCC_DYNAMIC_NO_PIC = NO;
				GCC_NO_COMMON_BLOCKS = YES;
				GCC_OPTIMIZATION_LEVEL = 0;
				GCC_PREPROCESSOR_DEFINITIONS = (
					"DEBUG=1",
					"$(inherited)",
				);
				GCC_WARN_64_TO_32_BIT_CONVERSION = YES;
				GCC_WARN_ABOUT_RETURN_TYPE = YES_ERROR;
				GCC_WARN_UNDECLARED_SELECTOR = YES;
				GCC_WARN_UNINITIALIZED_AUTOS = YES_AGGRESSIVE;
				GCC_WARN_UNUSED_FUNCTION = YES;
				GCC_WARN_UNUSED_VARIABLE = YES;
				IPHONEOS_DEPLOYMENT_TARGET = 16.2;
				MTL_ENABLE_DEBUG_INFO = INCLUDE_SOURCE;
				MTL_FAST_MATH = YES;
				ONLY_ACTIVE_ARCH = YES;
				SDKROOT = iphoneos;
				SWIFT_ACTIVE_COMPILATION_CONDITIONS = DEBUG;
				SWIFT_OPTIMIZATION_LEVEL = "-Onone";
			};
			name = Debug;
		};
		8680731329A0375500D8B94D /* Release */ = {
			isa = XCBuildConfiguration;
			buildSettings = {
				ALWAYS_SEARCH_USER_PATHS = NO;
				CLANG_ANALYZER_NONNULL = YES;
				CLANG_ANALYZER_NUMBER_OBJECT_CONVERSION = YES_AGGRESSIVE;
				CLANG_CXX_LANGUAGE_STANDARD = "gnu++20";
				CLANG_ENABLE_MODULES = YES;
				CLANG_ENABLE_OBJC_ARC = YES;
				CLANG_ENABLE_OBJC_WEAK = YES;
				CLANG_WARN_BLOCK_CAPTURE_AUTORELEASING = YES;
				CLANG_WARN_BOOL_CONVERSION = YES;
				CLANG_WARN_COMMA = YES;
				CLANG_WARN_CONSTANT_CONVERSION = YES;
				CLANG_WARN_DEPRECATED_OBJC_IMPLEMENTATIONS = YES;
				CLANG_WARN_DIRECT_OBJC_ISA_USAGE = YES_ERROR;
				CLANG_WARN_DOCUMENTATION_COMMENTS = YES;
				CLANG_WARN_EMPTY_BODY = YES;
				CLANG_WARN_ENUM_CONVERSION = YES;
				CLANG_WARN_INFINITE_RECURSION = YES;
				CLANG_WARN_INT_CONVERSION = YES;
				CLANG_WARN_NON_LITERAL_NULL_CONVERSION = YES;
				CLANG_WARN_OBJC_IMPLICIT_RETAIN_SELF = YES;
				CLANG_WARN_OBJC_LITERAL_CONVERSION = YES;
				CLANG_WARN_OBJC_ROOT_CLASS = YES_ERROR;
				CLANG_WARN_QUOTED_INCLUDE_IN_FRAMEWORK_HEADER = YES;
				CLANG_WARN_RANGE_LOOP_ANALYSIS = YES;
				CLANG_WARN_STRICT_PROTOTYPES = YES;
				CLANG_WARN_SUSPICIOUS_MOVE = YES;
				CLANG_WARN_UNGUARDED_AVAILABILITY = YES_AGGRESSIVE;
				CLANG_WARN_UNREACHABLE_CODE = YES;
				CLANG_WARN__DUPLICATE_METHOD_MATCH = YES;
				COPY_PHASE_STRIP = NO;
				DEBUG_INFORMATION_FORMAT = "dwarf-with-dsym";
				ENABLE_NS_ASSERTIONS = NO;
				ENABLE_STRICT_OBJC_MSGSEND = YES;
				GCC_C_LANGUAGE_STANDARD = gnu11;
				GCC_NO_COMMON_BLOCKS = YES;
				GCC_WARN_64_TO_32_BIT_CONVERSION = YES;
				GCC_WARN_ABOUT_RETURN_TYPE = YES_ERROR;
				GCC_WARN_UNDECLARED_SELECTOR = YES;
				GCC_WARN_UNINITIALIZED_AUTOS = YES_AGGRESSIVE;
				GCC_WARN_UNUSED_FUNCTION = YES;
				GCC_WARN_UNUSED_VARIABLE = YES;
				IPHONEOS_DEPLOYMENT_TARGET = 16.2;
				MTL_ENABLE_DEBUG_INFO = NO;
				MTL_FAST_MATH = YES;
				SDKROOT = iphoneos;
				SWIFT_COMPILATION_MODE = wholemodule;
				SWIFT_OPTIMIZATION_LEVEL = "-O";
				VALIDATE_PRODUCT = YES;
			};
			name = Release;
		};
		8680731529A0375500D8B94D /* Debug */ = {
			isa = XCBuildConfiguration;
			buildSettings = {
				ASSETCATALOG_COMPILER_APPICON_NAME = AppIcon;
				ASSETCATALOG_COMPILER_GLOBAL_ACCENT_COLOR_NAME = AccentColor;
				CODE_SIGN_STYLE = Automatic;
				CURRENT_PROJECT_VERSION = 1;
				DEVELOPMENT_ASSET_PATHS = "\"Scrumdinger/Preview Content\"";
				DEVELOPMENT_TEAM = Z36N3A74D7;
				ENABLE_PREVIEWS = YES;
				GENERATE_INFOPLIST_FILE = YES;
				INFOPLIST_FILE = Scrumdinger/Info.plist;
				INFOPLIST_KEY_UIApplicationSupportsIndirectInputEvents = YES;
				INFOPLIST_KEY_UILaunchScreen_Generation = YES;
				INFOPLIST_KEY_UISupportedInterfaceOrientations_iPad = "UIInterfaceOrientationPortrait UIInterfaceOrientationPortraitUpsideDown UIInterfaceOrientationLandscapeLeft UIInterfaceOrientationLandscapeRight";
				INFOPLIST_KEY_UISupportedInterfaceOrientations_iPhone = "UIInterfaceOrientationPortrait UIInterfaceOrientationLandscapeLeft UIInterfaceOrientationLandscapeRight";
				LD_RUNPATH_SEARCH_PATHS = (
					"$(inherited)",
					"@executable_path/Frameworks",
				);
				MARKETING_VERSION = 1.0;
				PRODUCT_BUNDLE_IDENTIFIER = com.geo.Scrumdinger;
				PRODUCT_NAME = "$(TARGET_NAME)";
				SWIFT_EMIT_LOC_STRINGS = YES;
				SWIFT_VERSION = 5.0;
				TARGETED_DEVICE_FAMILY = "1,2";
			};
			name = Debug;
		};
		8680731629A0375500D8B94D /* Release */ = {
			isa = XCBuildConfiguration;
			buildSettings = {
				ASSETCATALOG_COMPILER_APPICON_NAME = AppIcon;
				ASSETCATALOG_COMPILER_GLOBAL_ACCENT_COLOR_NAME = AccentColor;
				CODE_SIGN_STYLE = Automatic;
				CURRENT_PROJECT_VERSION = 1;
				DEVELOPMENT_ASSET_PATHS = "\"Scrumdinger/Preview Content\"";
				DEVELOPMENT_TEAM = Z36N3A74D7;
				ENABLE_PREVIEWS = YES;
				GENERATE_INFOPLIST_FILE = YES;
				INFOPLIST_FILE = Scrumdinger/Info.plist;
				INFOPLIST_KEY_UIApplicationSupportsIndirectInputEvents = YES;
				INFOPLIST_KEY_UILaunchScreen_Generation = YES;
				INFOPLIST_KEY_UISupportedInterfaceOrientations_iPad = "UIInterfaceOrientationPortrait UIInterfaceOrientationPortraitUpsideDown UIInterfaceOrientationLandscapeLeft UIInterfaceOrientationLandscapeRight";
				INFOPLIST_KEY_UISupportedInterfaceOrientations_iPhone = "UIInterfaceOrientationPortrait UIInterfaceOrientationLandscapeLeft UIInterfaceOrientationLandscapeRight";
				LD_RUNPATH_SEARCH_PATHS = (
					"$(inherited)",
					"@executable_path/Frameworks",
				);
				MARKETING_VERSION = 1.0;
				PRODUCT_BUNDLE_IDENTIFIER = com.geo.Scrumdinger;
				PRODUCT_NAME = "$(TARGET_NAME)";
				SWIFT_EMIT_LOC_STRINGS = YES;
				SWIFT_VERSION = 5.0;
				TARGETED_DEVICE_FAMILY = "1,2";
			};
			name = Release;
		};
/* End XCBuildConfiguration section */

/* Begin XCConfigurationList section */
		8680730129A0375300D8B94D /* Build configuration list for PBXProject "Scrumdinger" */ = {
			isa = XCConfigurationList;
			buildConfigurations = (
				8680731229A0375500D8B94D /* Debug */,
				8680731329A0375500D8B94D /* Release */,
			);
			defaultConfigurationIsVisible = 0;
			defaultConfigurationName = Release;
		};
		8680731429A0375500D8B94D /* Build configuration list for PBXNativeTarget "Scrumdinger" */ = {
			isa = XCConfigurationList;
			buildConfigurations = (
				8680731529A0375500D8B94D /* Debug */,
				8680731629A0375500D8B94D /* Release */,
			);
			defaultConfigurationIsVisible = 0;
			defaultConfigurationName = Release;
		};
/* End XCConfigurationList section */
	};
	rootObject = 868072FE29A0375300D8B94D /* Project object */;
}
